// !$*UTF8*$!
{
	archiveVersion = 1;
	classes = {
	};
	objectVersion = 55;
	objects = {

/* Begin PBXBuildFile section */
		370BCDE02755118700126C1D /* UserInfo.swift in Sources */ = {isa = PBXBuildFile; fileRef = 370BCDDF2755118700126C1D /* UserInfo.swift */; };
		370BCDE527563D4500126C1D /* NewsCell.swift in Sources */ = {isa = PBXBuildFile; fileRef = 370BCDE427563D4500126C1D /* NewsCell.swift */; };
		370BCDE72756444400126C1D /* Emoji.xcassets in Resources */ = {isa = PBXBuildFile; fileRef = 370BCDE62756444400126C1D /* Emoji.xcassets */; };
		372AE2F52754F7D000E13995 /* AppDelegate.swift in Sources */ = {isa = PBXBuildFile; fileRef = 372AE2F42754F7D000E13995 /* AppDelegate.swift */; };
		372AE2F72754F7D000E13995 /* SceneDelegate.swift in Sources */ = {isa = PBXBuildFile; fileRef = 372AE2F62754F7D000E13995 /* SceneDelegate.swift */; };
		372AE2F92754F7D000E13995 /* NewsTableViewController.swift in Sources */ = {isa = PBXBuildFile; fileRef = 372AE2F82754F7D000E13995 /* NewsTableViewController.swift */; };
		372AE2FC2754F7D000E13995 /* Main.storyboard in Resources */ = {isa = PBXBuildFile; fileRef = 372AE2FA2754F7D000E13995 /* Main.storyboard */; };
		372AE3042754F7D200E13995 /* LaunchScreen.storyboard in Resources */ = {isa = PBXBuildFile; fileRef = 372AE3022754F7D200E13995 /* LaunchScreen.storyboard */; };
		3796BE012758ED0F008AA2BE /* UserInfoStore.swift in Sources */ = {isa = PBXBuildFile; fileRef = 3796BE002758ED0F008AA2BE /* UserInfoStore.swift */; };
		37DB994027564C93008792E1 /* AppIcon.xcassets in Resources */ = {isa = PBXBuildFile; fileRef = 37DB993F27564C93008792E1 /* AppIcon.xcassets */; };
		37DB9944275654F6008792E1 /* userinfo.json in Resources */ = {isa = PBXBuildFile; fileRef = 37DB9941275653F1008792E1 /* userinfo.json */; };
		37DB994627565640008792E1 /* Assets.xcassets in Resources */ = {isa = PBXBuildFile; fileRef = 37DB994527565640008792E1 /* Assets.xcassets */; };
		37DB994827566044008792E1 /* Photo.swift in Sources */ = {isa = PBXBuildFile; fileRef = 37DB994727566044008792E1 /* Photo.swift */; };
		37F1A6F9275A52A700FE66B8 /* WebInfo.xcdatamodeld in Sources */ = {isa = PBXBuildFile; fileRef = 37F1A6F7275A52A700FE66B8 /* WebInfo.xcdatamodeld */; };
/* End PBXBuildFile section */

/* Begin PBXFileReference section */
		370BCDDF2755118700126C1D /* UserInfo.swift */ = {isa = PBXFileReference; fileEncoding = 4; lastKnownFileType = sourcecode.swift; path = UserInfo.swift; sourceTree = "<group>"; };
		370BCDE427563D4500126C1D /* NewsCell.swift */ = {isa = PBXFileReference; lastKnownFileType = sourcecode.swift; path = NewsCell.swift; sourceTree = "<group>"; };
		370BCDE62756444400126C1D /* Emoji.xcassets */ = {isa = PBXFileReference; lastKnownFileType = folder.assetcatalog; path = Emoji.xcassets; sourceTree = "<group>"; };
		372AE2F12754F7D000E13995 /* basic functions.app */ = {isa = PBXFileReference; explicitFileType = wrapper.application; includeInIndex = 0; path = "basic functions.app"; sourceTree = BUILT_PRODUCTS_DIR; };
		372AE2F42754F7D000E13995 /* AppDelegate.swift */ = {isa = PBXFileReference; lastKnownFileType = sourcecode.swift; path = AppDelegate.swift; sourceTree = "<group>"; };
		372AE2F62754F7D000E13995 /* SceneDelegate.swift */ = {isa = PBXFileReference; lastKnownFileType = sourcecode.swift; path = SceneDelegate.swift; sourceTree = "<group>"; };
		372AE2F82754F7D000E13995 /* NewsTableViewController.swift */ = {isa = PBXFileReference; lastKnownFileType = sourcecode.swift; path = NewsTableViewController.swift; sourceTree = "<group>"; };
		372AE2FB2754F7D000E13995 /* Base */ = {isa = PBXFileReference; lastKnownFileType = file.storyboard; name = Base; path = Base.lproj/Main.storyboard; sourceTree = "<group>"; };
		372AE3032754F7D200E13995 /* Base */ = {isa = PBXFileReference; lastKnownFileType = file.storyboard; name = Base; path = Base.lproj/LaunchScreen.storyboard; sourceTree = "<group>"; };
		372AE3052754F7D200E13995 /* Info.plist */ = {isa = PBXFileReference; lastKnownFileType = text.plist.xml; path = Info.plist; sourceTree = "<group>"; };
		3796BE002758ED0F008AA2BE /* UserInfoStore.swift */ = {isa = PBXFileReference; lastKnownFileType = sourcecode.swift; path = UserInfoStore.swift; sourceTree = "<group>"; };
		37DB993F27564C93008792E1 /* AppIcon.xcassets */ = {isa = PBXFileReference; lastKnownFileType = folder.assetcatalog; path = AppIcon.xcassets; sourceTree = "<group>"; };
		37DB9941275653F1008792E1 /* userinfo.json */ = {isa = PBXFileReference; fileEncoding = 4; lastKnownFileType = text.json; path = userinfo.json; sourceTree = "<group>"; };
		37DB994527565640008792E1 /* Assets.xcassets */ = {isa = PBXFileReference; lastKnownFileType = folder.assetcatalog; path = Assets.xcassets; sourceTree = "<group>"; };
		37DB994727566044008792E1 /* Photo.swift */ = {isa = PBXFileReference; lastKnownFileType = sourcecode.swift; path = Photo.swift; sourceTree = "<group>"; };
		37F1A6F8275A52A700FE66B8 /* WebInfo.xcdatamodel */ = {isa = PBXFileReference; lastKnownFileType = wrapper.xcdatamodel; path = WebInfo.xcdatamodel; sourceTree = "<group>"; };
/* End PBXFileReference section */

/* Begin PBXFrameworksBuildPhase section */
		372AE2EE2754F7D000E13995 /* Frameworks */ = {
			isa = PBXFrameworksBuildPhase;
			buildActionMask = 2147483647;
			files = (
			);
			runOnlyForDeploymentPostprocessing = 0;
		};
/* End PBXFrameworksBuildPhase section */

/* Begin PBXGroup section */
		372AE2E82754F7D000E13995 = {
			isa = PBXGroup;
			children = (
				372AE2F32754F7D000E13995 /* basic functions */,
				372AE2F22754F7D000E13995 /* Products */,
			);
			sourceTree = "<group>";
		};
		372AE2F22754F7D000E13995 /* Products */ = {
			isa = PBXGroup;
			children = (
				372AE2F12754F7D000E13995 /* basic functions.app */,
			);
			name = Products;
			sourceTree = "<group>";
		};
		372AE2F32754F7D000E13995 /* basic functions */ = {
			isa = PBXGroup;
			children = (
				370BCDDF2755118700126C1D /* UserInfo.swift */,
				372AE2F42754F7D000E13995 /* AppDelegate.swift */,
				372AE2F62754F7D000E13995 /* SceneDelegate.swift */,
				372AE2F82754F7D000E13995 /* NewsTableViewController.swift */,
				37DB994727566044008792E1 /* Photo.swift */,
				370BCDE427563D4500126C1D /* NewsCell.swift */,
				3796BE002758ED0F008AA2BE /* UserInfoStore.swift */,
				372AE2FA2754F7D000E13995 /* Main.storyboard */,
				372AE3022754F7D200E13995 /* LaunchScreen.storyboard */,
				370BCDE62756444400126C1D /* Emoji.xcassets */,
				37F1A6F7275A52A700FE66B8 /* WebInfo.xcdatamodeld */,
				37DB993F27564C93008792E1 /* AppIcon.xcassets */,
				372AE3052754F7D200E13995 /* Info.plist */,
				37DB994527565640008792E1 /* Assets.xcassets */,
				37DB9941275653F1008792E1 /* userinfo.json */,
			);
			path = "basic functions";
			sourceTree = "<group>";
		};
/* End PBXGroup section */

/* Begin PBXNativeTarget section */
		372AE2F02754F7D000E13995 /* basic functions */ = {
			isa = PBXNativeTarget;
			buildConfigurationList = 372AE3082754F7D200E13995 /* Build configuration list for PBXNativeTarget "basic functions" */;
			buildPhases = (
				372AE2ED2754F7D000E13995 /* Sources */,
				372AE2EE2754F7D000E13995 /* Frameworks */,
				372AE2EF2754F7D000E13995 /* Resources */,
			);
			buildRules = (
			);
			dependencies = (
			);
			name = "basic functions";
			productName = "basic functions";
			productReference = 372AE2F12754F7D000E13995 /* basic functions.app */;
			productType = "com.apple.product-type.application";
		};
/* End PBXNativeTarget section */

/* Begin PBXProject section */
		372AE2E92754F7D000E13995 /* Project object */ = {
			isa = PBXProject;
			attributes = {
				BuildIndependentTargetsInParallel = 1;
				LastSwiftUpdateCheck = 1310;
				LastUpgradeCheck = 1310;
				TargetAttributes = {
					372AE2F02754F7D000E13995 = {
						CreatedOnToolsVersion = 13.1;
					};
				};
			};
			buildConfigurationList = 372AE2EC2754F7D000E13995 /* Build configuration list for PBXProject "basic functions" */;
			compatibilityVersion = "Xcode 13.0";
			developmentRegion = en;
			hasScannedForEncodings = 0;
			knownRegions = (
				en,
				Base,
			);
			mainGroup = 372AE2E82754F7D000E13995;
			productRefGroup = 372AE2F22754F7D000E13995 /* Products */;
			projectDirPath = "";
			projectRoot = "";
			targets = (
				372AE2F02754F7D000E13995 /* basic functions */,
			);
		};
/* End PBXProject section */

/* Begin PBXResourcesBuildPhase section */
		372AE2EF2754F7D000E13995 /* Resources */ = {
			isa = PBXResourcesBuildPhase;
			buildActionMask = 2147483647;
			files = (
				37DB9944275654F6008792E1 /* userinfo.json in Resources */,
				372AE3042754F7D200E13995 /* LaunchScreen.storyboard in Resources */,
				370BCDE72756444400126C1D /* Emoji.xcassets in Resources */,
				37DB994027564C93008792E1 /* AppIcon.xcassets in Resources */,
				37DB994627565640008792E1 /* Assets.xcassets in Resources */,
				372AE2FC2754F7D000E13995 /* Main.storyboard in Resources */,
			);
			runOnlyForDeploymentPostprocessing = 0;
		};
/* End PBXResourcesBuildPhase section */

/* Begin PBXSourcesBuildPhase section */
		372AE2ED2754F7D000E13995 /* Sources */ = {
			isa = PBXSourcesBuildPhase;
			buildActionMask = 2147483647;
			files = (
				37DB994827566044008792E1 /* Photo.swift in Sources */,
				372AE2F92754F7D000E13995 /* NewsTableViewController.swift in Sources */,
				370BCDE527563D4500126C1D /* NewsCell.swift in Sources */,
				372AE2F52754F7D000E13995 /* AppDelegate.swift in Sources */,
				370BCDE02755118700126C1D /* UserInfo.swift in Sources */,
				3796BE012758ED0F008AA2BE /* UserInfoStore.swift in Sources */,
				37F1A6F9275A52A700FE66B8 /* WebInfo.xcdatamodeld in Sources */,
				372AE2F72754F7D000E13995 /* SceneDelegate.swift in Sources */,
			);
			runOnlyForDeploymentPostprocessing = 0;
		};
/* End PBXSourcesBuildPhase section */

/* Begin PBXVariantGroup section */
		372AE2FA2754F7D000E13995 /* Main.storyboard */ = {
			isa = PBXVariantGroup;
			children = (
				372AE2FB2754F7D000E13995 /* Base */,
			);
			name = Main.storyboard;
			sourceTree = "<group>";
		};
		372AE3022754F7D200E13995 /* LaunchScreen.storyboard */ = {
			isa = PBXVariantGroup;
			children = (
				372AE3032754F7D200E13995 /* Base */,
			);
			name = LaunchScreen.storyboard;
			sourceTree = "<group>";
		};
/* End PBXVariantGroup section */

/* Begin XCBuildConfiguration section */
		372AE3062754F7D200E13995 /* Debug */ = {
			isa = XCBuildConfiguration;
			buildSettings = {
				ALWAYS_SEARCH_USER_PATHS = NO;
				CLANG_ANALYZER_NONNULL = YES;
				CLANG_ANALYZER_NUMBER_OBJECT_CONVERSION = YES_AGGRESSIVE;
				CLANG_CXX_LANGUAGE_STANDARD = "gnu++17";
				CLANG_CXX_LIBRARY = "libc++";
				CLANG_ENABLE_MODULES = YES;
				CLANG_ENABLE_OBJC_ARC = YES;
				CLANG_ENABLE_OBJC_WEAK = YES;
				CLANG_WARN_BLOCK_CAPTURE_AUTORELEASING = YES;
				CLANG_WARN_BOOL_CONVERSION = YES;
				CLANG_WARN_COMMA = YES;
				CLANG_WARN_CONSTANT_CONVERSION = YES;
				CLANG_WARN_DEPRECATED_OBJC_IMPLEMENTATIONS = YES;
				CLANG_WARN_DIRECT_OBJC_ISA_USAGE = YES_ERROR;
				CLANG_WARN_DOCUMENTATION_COMMENTS = YES;
				CLANG_WARN_EMPTY_BODY = YES;
				CLANG_WARN_ENUM_CONVERSION = YES;
				CLANG_WARN_INFINITE_RECURSION = YES;
				CLANG_WARN_INT_CONVERSION = YES;
				CLANG_WARN_NON_LITERAL_NULL_CONVERSION = YES;
				CLANG_WARN_OBJC_IMPLICIT_RETAIN_SELF = YES;
				CLANG_WARN_OBJC_LITERAL_CONVERSION = YES;
				CLANG_WARN_OBJC_ROOT_CLASS = YES_ERROR;
				CLANG_WARN_QUOTED_INCLUDE_IN_FRAMEWORK_HEADER = YES;
				CLANG_WARN_RANGE_LOOP_ANALYSIS = YES;
				CLANG_WARN_STRICT_PROTOTYPES = YES;
				CLANG_WARN_SUSPICIOUS_MOVE = YES;
				CLANG_WARN_UNGUARDED_AVAILABILITY = YES_AGGRESSIVE;
				CLANG_WARN_UNREACHABLE_CODE = YES;
				CLANG_WARN__DUPLICATE_METHOD_MATCH = YES;
				COPY_PHASE_STRIP = NO;
				DEBUG_INFORMATION_FORMAT = dwarf;
				ENABLE_STRICT_OBJC_MSGSEND = YES;
				ENABLE_TESTABILITY = YES;
				GCC_C_LANGUAGE_STANDARD = gnu11;
				GCC_DYNAMIC_NO_PIC = NO;
				GCC_NO_COMMON_BLOCKS = YES;
				GCC_OPTIMIZATION_LEVEL = 0;
				GCC_PREPROCESSOR_DEFINITIONS = (
					"DEBUG=1",
					"$(inherited)",
				);
				GCC_WARN_64_TO_32_BIT_CONVERSION = YES;
				GCC_WARN_ABOUT_RETURN_TYPE = YES_ERROR;
				GCC_WARN_UNDECLARED_SELECTOR = YES;
				GCC_WARN_UNINITIALIZED_AUTOS = YES_AGGRESSIVE;
				GCC_WARN_UNUSED_FUNCTION = YES;
				GCC_WARN_UNUSED_VARIABLE = YES;
				IPHONEOS_DEPLOYMENT_TARGET = 15.0;
				MTL_ENABLE_DEBUG_INFO = INCLUDE_SOURCE;
				MTL_FAST_MATH = YES;
				ONLY_ACTIVE_ARCH = YES;
				SDKROOT = iphoneos;
				SWIFT_ACTIVE_COMPILATION_CONDITIONS = DEBUG;
				SWIFT_OPTIMIZATION_LEVEL = "-Onone";
			};
			name = Debug;
		};
		372AE3072754F7D200E13995 /* Release */ = {
			isa = XCBuildConfiguration;
			buildSettings = {
				ALWAYS_SEARCH_USER_PATHS = NO;
				CLANG_ANALYZER_NONNULL = YES;
				CLANG_ANALYZER_NUMBER_OBJECT_CONVERSION = YES_AGGRESSIVE;
				CLANG_CXX_LANGUAGE_STANDARD = "gnu++17";
				CLANG_CXX_LIBRARY = "libc++";
				CLANG_ENABLE_MODULES = YES;
				CLANG_ENABLE_OBJC_ARC = YES;
				CLANG_ENABLE_OBJC_WEAK = YES;
				CLANG_WARN_BLOCK_CAPTURE_AUTORELEASING = YES;
				CLANG_WARN_BOOL_CONVERSION = YES;
				CLANG_WARN_COMMA = YES;
				CLANG_WARN_CONSTANT_CONVERSION = YES;
				CLANG_WARN_DEPRECATED_OBJC_IMPLEMENTATIONS = YES;
				CLANG_WARN_DIRECT_OBJC_ISA_USAGE = YES_ERROR;
				CLANG_WARN_DOCUMENTATION_COMMENTS = YES;
				CLANG_WARN_EMPTY_BODY = YES;
				CLANG_WARN_ENUM_CONVERSION = YES;
				CLANG_WARN_INFINITE_RECURSION = YES;
				CLANG_WARN_INT_CONVERSION = YES;
				CLANG_WARN_NON_LITERAL_NULL_CONVERSION = YES;
				CLANG_WARN_OBJC_IMPLICIT_RETAIN_SELF = YES;
				CLANG_WARN_OBJC_LITERAL_CONVERSION = YES;
				CLANG_WARN_OBJC_ROOT_CLASS = YES_ERROR;
				CLANG_WARN_QUOTED_INCLUDE_IN_FRAMEWORK_HEADER = YES;
				CLANG_WARN_RANGE_LOOP_ANALYSIS = YES;
				CLANG_WARN_STRICT_PROTOTYPES = YES;
				CLANG_WARN_SUSPICIOUS_MOVE = YES;
				CLANG_WARN_UNGUARDED_AVAILABILITY = YES_AGGRESSIVE;
				CLANG_WARN_UNREACHABLE_CODE = YES;
				CLANG_WARN__DUPLICATE_METHOD_MATCH = YES;
				COPY_PHASE_STRIP = NO;
				DEBUG_INFORMATION_FORMAT = "dwarf-with-dsym";
				ENABLE_NS_ASSERTIONS = NO;
				ENABLE_STRICT_OBJC_MSGSEND = YES;
				GCC_C_LANGUAGE_STANDARD = gnu11;
				GCC_NO_COMMON_BLOCKS = YES;
				GCC_WARN_64_TO_32_BIT_CONVERSION = YES;
				GCC_WARN_ABOUT_RETURN_TYPE = YES_ERROR;
				GCC_WARN_UNDECLARED_SELECTOR = YES;
				GCC_WARN_UNINITIALIZED_AUTOS = YES_AGGRESSIVE;
				GCC_WARN_UNUSED_FUNCTION = YES;
				GCC_WARN_UNUSED_VARIABLE = YES;
				IPHONEOS_DEPLOYMENT_TARGET = 15.0;
				MTL_ENABLE_DEBUG_INFO = NO;
				MTL_FAST_MATH = YES;
				SDKROOT = iphoneos;
				SWIFT_COMPILATION_MODE = wholemodule;
				SWIFT_OPTIMIZATION_LEVEL = "-O";
				VALIDATE_PRODUCT = YES;
			};
			name = Release;
		};
		372AE3092754F7D200E13995 /* Debug */ = {
			isa = XCBuildConfiguration;
			buildSettings = {
				ASSETCATALOG_COMPILER_APPICON_NAME = AppIcon;
				ASSETCATALOG_COMPILER_GLOBAL_ACCENT_COLOR_NAME = AccentColor;
				CODE_SIGN_STYLE = Automatic;
				CURRENT_PROJECT_VERSION = 1;
				DEVELOPMENT_TEAM = 4WN46VZ7RJ;
				GENERATE_INFOPLIST_FILE = YES;
				INFOPLIST_FILE = "basic functions/Info.plist";
				INFOPLIST_KEY_UIApplicationSupportsIndirectInputEvents = YES;
				INFOPLIST_KEY_UILaunchStoryboardName = LaunchScreen;
				INFOPLIST_KEY_UIMainStoryboardFile = Main;
				INFOPLIST_KEY_UISupportedInterfaceOrientations_iPad = "UIInterfaceOrientationPortrait UIInterfaceOrientationPortraitUpsideDown UIInterfaceOrientationLandscapeLeft UIInterfaceOrientationLandscapeRight";
				INFOPLIST_KEY_UISupportedInterfaceOrientations_iPhone = "UIInterfaceOrientationPortrait UIInterfaceOrientationLandscapeLeft UIInterfaceOrientationLandscapeRight";
				LD_RUNPATH_SEARCH_PATHS = (
					"$(inherited)",
					"@executable_path/Frameworks",
				);
				MARKETING_VERSION = 1.0;
				PRODUCT_BUNDLE_IDENTIFIER = "cn.xnlamp.basic-functions";
				PRODUCT_NAME = "$(TARGET_NAME)";
				SWIFT_EMIT_LOC_STRINGS = YES;
				SWIFT_VERSION = 5.0;
				TARGETED_DEVICE_FAMILY = "1,2";
			};
			name = Debug;
		};
		372AE30A2754F7D200E13995 /* Release */ = {
			isa = XCBuildConfiguration;
			buildSettings = {
				ASSETCATALOG_COMPILER_APPICON_NAME = AppIcon;
				ASSETCATALOG_COMPILER_GLOBAL_ACCENT_COLOR_NAME = AccentColor;
				CODE_SIGN_STYLE = Automatic;
				CURRENT_PROJECT_VERSION = 1;
				DEVELOPMENT_TEAM = 4WN46VZ7RJ;
				GENERATE_INFOPLIST_FILE = YES;
				INFOPLIST_FILE = "basic functions/Info.plist";
				INFOPLIST_KEY_UIApplicationSupportsIndirectInputEvents = YES;
				INFOPLIST_KEY_UILaunchStoryboardName = LaunchScreen;
				INFOPLIST_KEY_UIMainStoryboardFile = Main;
				INFOPLIST_KEY_UISupportedInterfaceOrientations_iPad = "UIInterfaceOrientationPortrait UIInterfaceOrientationPortraitUpsideDown UIInterfaceOrientationLandscapeLeft UIInterfaceOrientationLandscapeRight";
				INFOPLIST_KEY_UISupportedInterfaceOrientations_iPhone = "UIInterfaceOrientationPortrait UIInterfaceOrientationLandscapeLeft UIInterfaceOrientationLandscapeRight";
				LD_RUNPATH_SEARCH_PATHS = (
					"$(inherited)",
					"@executable_path/Frameworks",
				);
				MARKETING_VERSION = 1.0;
				PRODUCT_BUNDLE_IDENTIFIER = "cn.xnlamp.basic-functions";
				PRODUCT_NAME = "$(TARGET_NAME)";
				SWIFT_EMIT_LOC_STRINGS = YES;
				SWIFT_VERSION = 5.0;
				TARGETED_DEVICE_FAMILY = "1,2";
			};
			name = Release;
		};
/* End XCBuildConfiguration section */

/* Begin XCConfigurationList section */
		372AE2EC2754F7D000E13995 /* Build configuration list for PBXProject "basic functions" */ = {
			isa = XCConfigurationList;
			buildConfigurations = (
				372AE3062754F7D200E13995 /* Debug */,
				372AE3072754F7D200E13995 /* Release */,
			);
			defaultConfigurationIsVisible = 0;
			defaultConfigurationName = Release;
		};
		372AE3082754F7D200E13995 /* Build configuration list for PBXNativeTarget "basic functions" */ = {
			isa = XCConfigurationList;
			buildConfigurations = (
				372AE3092754F7D200E13995 /* Debug */,
				372AE30A2754F7D200E13995 /* Release */,
			);
			defaultConfigurationIsVisible = 0;
			defaultConfigurationName = Release;
		};
/* End XCConfigurationList section */

/* Begin XCVersionGroup section */
		37F1A6F7275A52A700FE66B8 /* WebInfo.xcdatamodeld */ = {
			isa = XCVersionGroup;
			children = (
				37F1A6F8275A52A700FE66B8 /* WebInfo.xcdatamodel */,
			);
			currentVersion = 37F1A6F8275A52A700FE66B8 /* WebInfo.xcdatamodel */;
			path = WebInfo.xcdatamodeld;
			sourceTree = "<group>";
			versionGroupType = wrapper.xcdatamodel;
		};
/* End XCVersionGroup section */
	};
	rootObject = 372AE2E92754F7D000E13995 /* Project object */;
}
